
Microsoft Visual Studio Solution File, Format Version 12.00
# Visual Studio Version 16
VisualStudioVersion = 16.0.30011.22
MinimumVisualStudioVersion = 10.0.40219.1
Project("{FAE04EC0-301F-11D3-BF4B-00C04F79EFBC}") = "NorthwindApplication", "NorthwindApplication\NorthwindApplication.csproj", "{B4649904-A4F9-4D8B-9862-06901FA6EC1C}"
EndProject
Global
	GlobalSection(SolutionConfigurationPlatforms) = preSolution
		Debug|Any CPU = Debug|Any CPU
		Release|Any CPU = Release|Any CPU
	EndGlobalSection
	GlobalSection(ProjectConfigurationPlatforms) = postSolution
		{B4649904-A4F9-4D8B-9862-06901FA6EC1C}.Debug|Any CPU.ActiveCfg = Debug|Any CPU
		{B4649904-A4F9-4D8B-9862-06901FA6EC1C}.Debug|Any CPU.Build.0 = Debug|Any CPU
		{B4649904-A4F9-4D8B-9862-06901FA6EC1C}.Release|Any CPU.ActiveCfg = Release|Any CPU
		{B4649904-A4F9-4D8B-9862-06901FA6EC1C}.Release|Any CPU.Build.0 = Release|Any CPU
	EndGlobalSection
	GlobalSection(SolutionProperties) = preSolution
		HideSolutionNode = FALSE
	EndGlobalSection
	GlobalSection(ExtensibilityGlobals) = postSolution
		SolutionGuid = {6CE49E05-ED84-4F00-8237-57A375D660C4}
	EndGlobalSection
EndGlobal
